
Microsoft Visual Studio Solution File, Format Version 12.00
# Visual Studio Version 17
VisualStudioVersion = 17.5.002.0
MinimumVisualStudioVersion = 10.0.40219.1
Project("{9A19103F-16F7-4668-BE54-9A1E7A4F7556}") = "VarshaIdentity1", "VarshaIdentity1.csproj", "{24A1894A-103D-4676-A672-F4DA4B91AB83}"
EndProject
Global
	GlobalSection(SolutionConfigurationPlatforms) = preSolution
		Debug|Any CPU = Debug|Any CPU
		Release|Any CPU = Release|Any CPU
	EndGlobalSection
	GlobalSection(ProjectConfigurationPlatforms) = postSolution
		{24A1894A-103D-4676-A672-F4DA4B91AB83}.Debug|Any CPU.ActiveCfg = Debug|Any CPU
		{24A1894A-103D-4676-A672-F4DA4B91AB83}.Debug|Any CPU.Build.0 = Debug|Any CPU
		{24A1894A-103D-4676-A672-F4DA4B91AB83}.Release|Any CPU.ActiveCfg = Release|Any CPU
		{24A1894A-103D-4676-A672-F4DA4B91AB83}.Release|Any CPU.Build.0 = Release|Any CPU
	EndGlobalSection
	GlobalSection(SolutionProperties) = preSolution
		HideSolutionNode = FALSE
	EndGlobalSection
	GlobalSection(ExtensibilityGlobals) = postSolution
		SolutionGuid = {B93F2329-9E6A-4A79-9790-598006D50597}
	EndGlobalSection
EndGlobal
